
Microsoft Visual Studio Solution File, Format Version 12.00
# Visual Studio Version 17
VisualStudioVersion = 17.10.35027.167
MinimumVisualStudioVersion = 10.0.40219.1
Project("{9A19103F-16F7-4668-BE54-9A1E7A4F7556}") = "Antivenom", "Antivenom.csproj", "{A1906CBF-FD52-48F5-A3B8-1717AFFE0CB9}"
EndProject
Global
	GlobalSection(SolutionConfigurationPlatforms) = preSolution
		Debug|Any CPU = Debug|Any CPU
		Release|Any CPU = Release|Any CPU
	EndGlobalSection
	GlobalSection(ProjectConfigurationPlatforms) = postSolution
		{A1906CBF-FD52-48F5-A3B8-1717AFFE0CB9}.Debug|Any CPU.ActiveCfg = Debug|Any CPU
		{A1906CBF-FD52-48F5-A3B8-1717AFFE0CB9}.Debug|Any CPU.Build.0 = Debug|Any CPU
		{A1906CBF-FD52-48F5-A3B8-1717AFFE0CB9}.Release|Any CPU.ActiveCfg = Release|Any CPU
		{A1906CBF-FD52-48F5-A3B8-1717AFFE0CB9}.Release|Any CPU.Build.0 = Release|Any CPU
	EndGlobalSection
	GlobalSection(SolutionProperties) = preSolution
		HideSolutionNode = FALSE
	EndGlobalSection
	GlobalSection(ExtensibilityGlobals) = postSolution
		SolutionGuid = {D133EBFF-0ED7-4E93-9A63-398221D40BA1}
	EndGlobalSection
EndGlobal
